
Microsoft Visual Studio Solution File, Format Version 12.00
# Visual Studio Version 16
VisualStudioVersion = 16.0.30523.141
MinimumVisualStudioVersion = 10.0.40219.1
Project("{8BC9CEB8-8B4A-11D0-8D11-00A0C91BC942}") = "Project12.10", "Project12.10\Project12.10.vcxproj", "{85A3A669-1766-40A5-90CA-A976002306AE}"
EndProject
Project("{8BC9CEB8-8B4A-11D0-8D11-00A0C91BC942}") = "UnitTest12.10", "UnitTest12.10\UnitTest12.10.vcxproj", "{49A08842-7A25-48DF-855A-D9B639C980AE}"
EndProject
Global
	GlobalSection(SolutionConfigurationPlatforms) = preSolution
		Debug|x64 = Debug|x64
		Debug|x86 = Debug|x86
		Release|x64 = Release|x64
		Release|x86 = Release|x86
	EndGlobalSection
	GlobalSection(ProjectConfigurationPlatforms) = postSolution
		{85A3A669-1766-40A5-90CA-A976002306AE}.Debug|x64.ActiveCfg = Debug|x64
		{85A3A669-1766-40A5-90CA-A976002306AE}.Debug|x64.Build.0 = Debug|x64
		{85A3A669-1766-40A5-90CA-A976002306AE}.Debug|x86.ActiveCfg = Debug|Win32
		{85A3A669-1766-40A5-90CA-A976002306AE}.Debug|x86.Build.0 = Debug|Win32
		{85A3A669-1766-40A5-90CA-A976002306AE}.Release|x64.ActiveCfg = Release|x64
		{85A3A669-1766-40A5-90CA-A976002306AE}.Release|x64.Build.0 = Release|x64
		{85A3A669-1766-40A5-90CA-A976002306AE}.Release|x86.ActiveCfg = Release|Win32
		{85A3A669-1766-40A5-90CA-A976002306AE}.Release|x86.Build.0 = Release|Win32
		{49A08842-7A25-48DF-855A-D9B639C980AE}.Debug|x64.ActiveCfg = Debug|x64
		{49A08842-7A25-48DF-855A-D9B639C980AE}.Debug|x64.Build.0 = Debug|x64
		{49A08842-7A25-48DF-855A-D9B639C980AE}.Debug|x86.ActiveCfg = Debug|Win32
		{49A08842-7A25-48DF-855A-D9B639C980AE}.Debug|x86.Build.0 = Debug|Win32
		{49A08842-7A25-48DF-855A-D9B639C980AE}.Release|x64.ActiveCfg = Release|x64
		{49A08842-7A25-48DF-855A-D9B639C980AE}.Release|x64.Build.0 = Release|x64
		{49A08842-7A25-48DF-855A-D9B639C980AE}.Release|x86.ActiveCfg = Release|Win32
		{49A08842-7A25-48DF-855A-D9B639C980AE}.Release|x86.Build.0 = Release|Win32
	EndGlobalSection
	GlobalSection(SolutionProperties) = preSolution
		HideSolutionNode = FALSE
	EndGlobalSection
	GlobalSection(ExtensibilityGlobals) = postSolution
		SolutionGuid = {D49F2FDD-1655-4D60-969F-4B1013509600}
	EndGlobalSection
EndGlobal
